
Microsoft Visual Studio Solution File, Format Version 12.00
# Visual Studio 15
VisualStudioVersion = 15.0.28307.329
MinimumVisualStudioVersion = 10.0.40219.1
Project("{FAE04EC0-301F-11D3-BF4B-00C04F79EFBC}") = "Kaczorek.BL", "Kaczorek.BL\Kaczorek.BL.csproj", "{17DFABF2-26B0-492A-9C48-6B8362BC424D}"
EndProject
Global
	GlobalSection(SolutionConfigurationPlatforms) = preSolution
		Debug|Any CPU = Debug|Any CPU
		Release|Any CPU = Release|Any CPU
	EndGlobalSection
	GlobalSection(ProjectConfigurationPlatforms) = postSolution
		{17DFABF2-26B0-492A-9C48-6B8362BC424D}.Debug|Any CPU.ActiveCfg = Debug|Any CPU
		{17DFABF2-26B0-492A-9C48-6B8362BC424D}.Debug|Any CPU.Build.0 = Debug|Any CPU
		{17DFABF2-26B0-492A-9C48-6B8362BC424D}.Release|Any CPU.ActiveCfg = Release|Any CPU
		{17DFABF2-26B0-492A-9C48-6B8362BC424D}.Release|Any CPU.Build.0 = Release|Any CPU
	EndGlobalSection
	GlobalSection(SolutionProperties) = preSolution
		HideSolutionNode = FALSE
	EndGlobalSection
	GlobalSection(ExtensibilityGlobals) = postSolution
		SolutionGuid = {39C9B0B7-F60F-448F-84B4-283423A5B727}
	EndGlobalSection
EndGlobal
